
Microsoft Visual Studio Solution File, Format Version 12.00
Project("{FAE04EC0-301F-11D3-BF4B-00C04F79EFBC}") = "back", "back\back.csproj", "{2DBF57FC-019E-4178-8B19-7CFAA4FB82BA}"
EndProject
Project("{2150E333-8FDC-42A3-9474-1A3956D46DE8}") = "Solution Items", "Solution Items", "{577F245B-C1B2-4A43-91E1-BF86F56C58A2}"
	ProjectSection(SolutionItems) = preProject
		compose.yaml = compose.yaml
	EndProjectSection
EndProject
Global
	GlobalSection(SolutionConfigurationPlatforms) = preSolution
		Debug|Any CPU = Debug|Any CPU
		Release|Any CPU = Release|Any CPU
	EndGlobalSection
	GlobalSection(ProjectConfigurationPlatforms) = postSolution
		{2DBF57FC-019E-4178-8B19-7CFAA4FB82BA}.Debug|Any CPU.ActiveCfg = Debug|Any CPU
		{2DBF57FC-019E-4178-8B19-7CFAA4FB82BA}.Debug|Any CPU.Build.0 = Debug|Any CPU
		{2DBF57FC-019E-4178-8B19-7CFAA4FB82BA}.Release|Any CPU.ActiveCfg = Release|Any CPU
		{2DBF57FC-019E-4178-8B19-7CFAA4FB82BA}.Release|Any CPU.Build.0 = Release|Any CPU
	EndGlobalSection
EndGlobal
